{
  "name": "sourcehealth31-website",
  "version": "1.0.0",
  "lockfileVersion": 3,
  "requires": true,
  "packages": {
    "": {
      "name": "sourcehealth31-website",
      "version": "1.0.0",
      "dependencies": {
        "next": "^12.0.0",
        "react": "^18.0.0",
        "react-dom": "^18.0.0"
      },
      "devDependencies": {
        "tailwindcss": "^3.0.0",
        "postcss": "^8.0.0",
        "autoprefixer": "^10.0.0"
      }
    }
  }
}
